// !$*UTF8*$!
{
	archiveVersion = 1;
	classes = {
	};
	objectVersion = 46;
	objects = {

/* Begin PBXBuildFile section */
		08442DC315C6E256006E7234 /* InfoViewController.m in Sources */ = {isa = PBXBuildFile; fileRef = 08442DC115C6E256006E7234 /* InfoViewController.m */; };
		08442DC415C6E256006E7234 /* InfoViewController.xib in Resources */ = {isa = PBXBuildFile; fileRef = 08442DC215C6E256006E7234 /* InfoViewController.xib */; };
		08442DC815C6E363006E7234 /* octo.png in Resources */ = {isa = PBXBuildFile; fileRef = 08442DC615C6E363006E7234 /* octo.png */; };
		08442DC915C6E363006E7234 /* Octoretina.png in Resources */ = {isa = PBXBuildFile; fileRef = 08442DC715C6E363006E7234 /* Octoretina.png */; };
		086BF92116137F5D006003E1 /* Default-568h@2x.png in Resources */ = {isa = PBXBuildFile; fileRef = 086BF92016137F5D006003E1 /* Default-568h@2x.png */; };
		088E99BD15C0BEED00823D7A /* CoreImage.framework in Frameworks */ = {isa = PBXBuildFile; fileRef = 088E99BB15C0BEED00823D7A /* CoreImage.framework */; };
		08C9FB5F15E5424500A68B3C /* ipadIcon.png in Resources */ = {isa = PBXBuildFile; fileRef = 08C9FB5E15E5424500A68B3C /* ipadIcon.png */; };
		08C9FB6115E5427900A68B3C /* ipadRetinaIcon.png in Resources */ = {isa = PBXBuildFile; fileRef = 08C9FB6015E5427900A68B3C /* ipadRetinaIcon.png */; };
		68CD875B15C3A519006AF69C /* ImageIO.framework in Frameworks */ = {isa = PBXBuildFile; fileRef = 68CD875A15C3A519006AF69C /* ImageIO.framework */; };
		C81BAD8B15B9CC0E00132A2E /* PhotoData.m in Sources */ = {isa = PBXBuildFile; fileRef = C81BAD8A15B9CC0E00132A2E /* PhotoData.m */; };
		C81BAD8F15B9E35300132A2E /* PhotoViewController.m in Sources */ = {isa = PBXBuildFile; fileRef = C81BAD8E15B9E35300132A2E /* PhotoViewController.m */; };
		C81BAD9215B9E36900132A2E /* PhotoDetailViewController.m in Sources */ = {isa = PBXBuildFile; fileRef = C81BAD9115B9E36900132A2E /* PhotoDetailViewController.m */; };
		C81BAD9415B9F9E200132A2E /* image4.png in Resources */ = {isa = PBXBuildFile; fileRef = C81BAD9315B9F9E200132A2E /* image4.png */; };
		C833E19915B7D94500EE636E /* UIKit.framework in Frameworks */ = {isa = PBXBuildFile; fileRef = C833E19815B7D94500EE636E /* UIKit.framework */; };
		C833E19B15B7D94500EE636E /* Foundation.framework in Frameworks */ = {isa = PBXBuildFile; fileRef = C833E19A15B7D94500EE636E /* Foundation.framework */; };
		C833E19D15B7D94500EE636E /* CoreGraphics.framework in Frameworks */ = {isa = PBXBuildFile; fileRef = C833E19C15B7D94500EE636E /* CoreGraphics.framework */; };
		C833E1A315B7D94500EE636E /* InfoPlist.strings in Resources */ = {isa = PBXBuildFile; fileRef = C833E1A115B7D94500EE636E /* InfoPlist.strings */; };
		C833E1A515B7D94500EE636E /* main.m in Sources */ = {isa = PBXBuildFile; fileRef = C833E1A415B7D94500EE636E /* main.m */; };
		C833E1A915B7D94500EE636E /* AppDelegate.m in Sources */ = {isa = PBXBuildFile; fileRef = C833E1A815B7D94500EE636E /* AppDelegate.m */; };
		C833E1B115B7D94600EE636E /* SenTestingKit.framework in Frameworks */ = {isa = PBXBuildFile; fileRef = C833E1B015B7D94600EE636E /* SenTestingKit.framework */; };
		C833E1B215B7D94600EE636E /* UIKit.framework in Frameworks */ = {isa = PBXBuildFile; fileRef = C833E19815B7D94500EE636E /* UIKit.framework */; };
		C833E1B315B7D94600EE636E /* Foundation.framework in Frameworks */ = {isa = PBXBuildFile; fileRef = C833E19A15B7D94500EE636E /* Foundation.framework */; };
		C833E1BB15B7D94600EE636E /* InfoPlist.strings in Resources */ = {isa = PBXBuildFile; fileRef = C833E1B915B7D94600EE636E /* InfoPlist.strings */; };
		C833E1BE15B7D94600EE636E /* CoastBusterTests.m in Sources */ = {isa = PBXBuildFile; fileRef = C833E1BD15B7D94600EE636E /* CoastBusterTests.m */; };
		C833E1CE15B7DF8200EE636E /* PhotoTableViewController.m in Sources */ = {isa = PBXBuildFile; fileRef = C833E1CD15B7DF8200EE636E /* PhotoTableViewController.m */; };
		C833E1D715B91DBC00EE636E /* image1.png in Resources */ = {isa = PBXBuildFile; fileRef = C833E1D415B91DBC00EE636E /* image1.png */; };
		C833E1D815B91DBC00EE636E /* image2.png in Resources */ = {isa = PBXBuildFile; fileRef = C833E1D515B91DBC00EE636E /* image2.png */; };
		C833E1D915B91DBC00EE636E /* image3.png in Resources */ = {isa = PBXBuildFile; fileRef = C833E1D615B91DBC00EE636E /* image3.png */; };
		C8A5592115BCA12C0070FBA7 /* BaseViewController.m in Sources */ = {isa = PBXBuildFile; fileRef = C8A5592015BCA12C0070FBA7 /* BaseViewController.m */; };
		C8CEE53915C3796800EEC4ED /* PhotoSelectionViewController.m in Sources */ = {isa = PBXBuildFile; fileRef = C8CEE53815C3796800EEC4ED /* PhotoSelectionViewController.m */; };
		C8D9AAE115C0B50F004CDB14 /* CoreLocation.framework in Frameworks */ = {isa = PBXBuildFile; fileRef = C8D9AAE015C0B50F004CDB14 /* CoreLocation.framework */; };
		C8FBB63715C7449C006BFB3C /* CFNetwork.framework in Frameworks */ = {isa = PBXBuildFile; fileRef = C8FBB63615C7449C006BFB3C /* CFNetwork.framework */; };
/* End PBXBuildFile section */

/* Begin PBXContainerItemProxy section */
		C833E1B415B7D94600EE636E /* PBXContainerItemProxy */ = {
			isa = PBXContainerItemProxy;
			containerPortal = C833E18B15B7D94500EE636E /* Project object */;
			proxyType = 1;
			remoteGlobalIDString = C833E19315B7D94500EE636E;
			remoteInfo = CoastBuster;
		};
/* End PBXContainerItemProxy section */

/* Begin PBXFileReference section */
		08442DC015C6E256006E7234 /* InfoViewController.h */ = {isa = PBXFileReference; fileEncoding = 4; lastKnownFileType = sourcecode.c.h; path = InfoViewController.h; sourceTree = "<group>"; };
		08442DC115C6E256006E7234 /* InfoViewController.m */ = {isa = PBXFileReference; fileEncoding = 4; lastKnownFileType = sourcecode.c.objc; path = InfoViewController.m; sourceTree = "<group>"; };
		08442DC215C6E256006E7234 /* InfoViewController.xib */ = {isa = PBXFileReference; fileEncoding = 4; lastKnownFileType = file.xib; path = InfoViewController.xib; sourceTree = "<group>"; };
		08442DC615C6E363006E7234 /* octo.png */ = {isa = PBXFileReference; lastKnownFileType = image.png; path = octo.png; sourceTree = SOURCE_ROOT; };
		08442DC715C6E363006E7234 /* Octoretina.png */ = {isa = PBXFileReference; lastKnownFileType = image.png; path = Octoretina.png; sourceTree = SOURCE_ROOT; };
		086BF92016137F5D006003E1 /* Default-568h@2x.png */ = {isa = PBXFileReference; lastKnownFileType = image.png; path = "Default-568h@2x.png"; sourceTree = "<group>"; };
		088E99BA15C0BEED00823D7A /* AssetsLibrary.framework */ = {isa = PBXFileReference; lastKnownFileType = wrapper.framework; name = AssetsLibrary.framework; path = System/Library/Frameworks/AssetsLibrary.framework; sourceTree = SDKROOT; };
		088E99BB15C0BEED00823D7A /* CoreImage.framework */ = {isa = PBXFileReference; lastKnownFileType = wrapper.framework; name = CoreImage.framework; path = System/Library/Frameworks/CoreImage.framework; sourceTree = SDKROOT; };
		08C9FB5E15E5424500A68B3C /* ipadIcon.png */ = {isa = PBXFileReference; lastKnownFileType = image.png; name = ipadIcon.png; path = ../ipadIcon.png; sourceTree = "<group>"; };
		08C9FB6015E5427900A68B3C /* ipadRetinaIcon.png */ = {isa = PBXFileReference; lastKnownFileType = image.png; name = ipadRetinaIcon.png; path = ../ipadRetinaIcon.png; sourceTree = "<group>"; };
		68CD875A15C3A519006AF69C /* ImageIO.framework */ = {isa = PBXFileReference; lastKnownFileType = wrapper.framework; name = ImageIO.framework; path = System/Library/Frameworks/ImageIO.framework; sourceTree = SDKROOT; };
		C81BAD8915B9CC0E00132A2E /* PhotoData.h */ = {isa = PBXFileReference; fileEncoding = 4; lastKnownFileType = sourcecode.c.h; path = PhotoData.h; sourceTree = "<group>"; };
		C81BAD8A15B9CC0E00132A2E /* PhotoData.m */ = {isa = PBXFileReference; fileEncoding = 4; lastKnownFileType = sourcecode.c.objc; path = PhotoData.m; sourceTree = "<group>"; };
		C81BAD8D15B9E35300132A2E /* PhotoViewController.h */ = {isa = PBXFileReference; fileEncoding = 4; lastKnownFileType = sourcecode.c.h; path = PhotoViewController.h; sourceTree = "<group>"; };
		C81BAD8E15B9E35300132A2E /* PhotoViewController.m */ = {isa = PBXFileReference; fileEncoding = 4; lastKnownFileType = sourcecode.c.objc; path = PhotoViewController.m; sourceTree = "<group>"; };
		C81BAD9015B9E36900132A2E /* PhotoDetailViewController.h */ = {isa = PBXFileReference; fileEncoding = 4; lastKnownFileType = sourcecode.c.h; path = PhotoDetailViewController.h; sourceTree = "<group>"; };
		C81BAD9115B9E36900132A2E /* PhotoDetailViewController.m */ = {isa = PBXFileReference; fileEncoding = 4; lastKnownFileType = sourcecode.c.objc; path = PhotoDetailViewController.m; sourceTree = "<group>"; };
		C81BAD9315B9F9E200132A2E /* image4.png */ = {isa = PBXFileReference; lastKnownFileType = image.png; path = image4.png; sourceTree = "<group>"; };
		C833E19415B7D94500EE636E /* CoastBuster.app */ = {isa = PBXFileReference; explicitFileType = wrapper.application; includeInIndex = 0; path = CoastBuster.app; sourceTree = BUILT_PRODUCTS_DIR; };
		C833E19815B7D94500EE636E /* UIKit.framework */ = {isa = PBXFileReference; lastKnownFileType = wrapper.framework; name = UIKit.framework; path = System/Library/Frameworks/UIKit.framework; sourceTree = SDKROOT; };
		C833E19A15B7D94500EE636E /* Foundation.framework */ = {isa = PBXFileReference; lastKnownFileType = wrapper.framework; name = Foundation.framework; path = System/Library/Frameworks/Foundation.framework; sourceTree = SDKROOT; };
		C833E19C15B7D94500EE636E /* CoreGraphics.framework */ = {isa = PBXFileReference; lastKnownFileType = wrapper.framework; name = CoreGraphics.framework; path = System/Library/Frameworks/CoreGraphics.framework; sourceTree = SDKROOT; };
		C833E1A015B7D94500EE636E /* CoastBuster-Info.plist */ = {isa = PBXFileReference; lastKnownFileType = text.plist.xml; path = "CoastBuster-Info.plist"; sourceTree = "<group>"; };
		C833E1A215B7D94500EE636E /* en */ = {isa = PBXFileReference; lastKnownFileType = text.plist.strings; name = en; path = en.lproj/InfoPlist.strings; sourceTree = "<group>"; };
		C833E1A415B7D94500EE636E /* main.m */ = {isa = PBXFileReference; lastKnownFileType = sourcecode.c.objc; path = main.m; sourceTree = "<group>"; };
		C833E1A615B7D94500EE636E /* CoastBuster-Prefix.pch */ = {isa = PBXFileReference; lastKnownFileType = sourcecode.c.h; path = "CoastBuster-Prefix.pch"; sourceTree = "<group>"; };
		C833E1A715B7D94500EE636E /* AppDelegate.h */ = {isa = PBXFileReference; lastKnownFileType = sourcecode.c.h; path = AppDelegate.h; sourceTree = "<group>"; };
		C833E1A815B7D94500EE636E /* AppDelegate.m */ = {isa = PBXFileReference; lastKnownFileType = sourcecode.c.objc; path = AppDelegate.m; sourceTree = "<group>"; };
		C833E1AF15B7D94600EE636E /* CoastBusterTests.octest */ = {isa = PBXFileReference; explicitFileType = wrapper.cfbundle; includeInIndex = 0; path = CoastBusterTests.octest; sourceTree = BUILT_PRODUCTS_DIR; };
		C833E1B015B7D94600EE636E /* SenTestingKit.framework */ = {isa = PBXFileReference; lastKnownFileType = wrapper.framework; name = SenTestingKit.framework; path = Library/Frameworks/SenTestingKit.framework; sourceTree = DEVELOPER_DIR; };
		C833E1B815B7D94600EE636E /* CoastBusterTests-Info.plist */ = {isa = PBXFileReference; lastKnownFileType = text.plist.xml; path = "CoastBusterTests-Info.plist"; sourceTree = "<group>"; };
		C833E1BA15B7D94600EE636E /* en */ = {isa = PBXFileReference; lastKnownFileType = text.plist.strings; name = en; path = en.lproj/InfoPlist.strings; sourceTree = "<group>"; };
		C833E1BC15B7D94600EE636E /* CoastBusterTests.h */ = {isa = PBXFileReference; lastKnownFileType = sourcecode.c.h; path = CoastBusterTests.h; sourceTree = "<group>"; };
		C833E1BD15B7D94600EE636E /* CoastBusterTests.m */ = {isa = PBXFileReference; lastKnownFileType = sourcecode.c.objc; path = CoastBusterTests.m; sourceTree = "<group>"; };
		C833E1CC15B7DF8200EE636E /* PhotoTableViewController.h */ = {isa = PBXFileReference; fileEncoding = 4; lastKnownFileType = sourcecode.c.h; path = PhotoTableViewController.h; sourceTree = "<group>"; };
		C833E1CD15B7DF8200EE636E /* PhotoTableViewController.m */ = {isa = PBXFileReference; fileEncoding = 4; lastKnownFileType = sourcecode.c.objc; path = PhotoTableViewController.m; sourceTree = "<group>"; };
		C833E1D415B91DBC00EE636E /* image1.png */ = {isa = PBXFileReference; lastKnownFileType = image.png; path = image1.png; sourceTree = "<group>"; };
		C833E1D515B91DBC00EE636E /* image2.png */ = {isa = PBXFileReference; lastKnownFileType = image.png; path = image2.png; sourceTree = "<group>"; };
		C833E1D615B91DBC00EE636E /* image3.png */ = {isa = PBXFileReference; lastKnownFileType = image.png; path = image3.png; sourceTree = "<group>"; };
		C8A5591F15BCA12C0070FBA7 /* BaseViewController.h */ = {isa = PBXFileReference; fileEncoding = 4; lastKnownFileType = sourcecode.c.h; path = BaseViewController.h; sourceTree = "<group>"; };
		C8A5592015BCA12C0070FBA7 /* BaseViewController.m */ = {isa = PBXFileReference; fileEncoding = 4; lastKnownFileType = sourcecode.c.objc; path = BaseViewController.m; sourceTree = "<group>"; };
		C8CEE53715C3796800EEC4ED /* PhotoSelectionViewController.h */ = {isa = PBXFileReference; fileEncoding = 4; lastKnownFileType = sourcecode.c.h; path = PhotoSelectionViewController.h; sourceTree = "<group>"; };
		C8CEE53815C3796800EEC4ED /* PhotoSelectionViewController.m */ = {isa = PBXFileReference; fileEncoding = 4; lastKnownFileType = sourcecode.c.objc; path = PhotoSelectionViewController.m; sourceTree = "<group>"; };
		C8D9AAE015C0B50F004CDB14 /* CoreLocation.framework */ = {isa = PBXFileReference; lastKnownFileType = wrapper.framework; name = CoreLocation.framework; path = System/Library/Frameworks/CoreLocation.framework; sourceTree = SDKROOT; };
		C8FBB63615C7449C006BFB3C /* CFNetwork.framework */ = {isa = PBXFileReference; lastKnownFileType = wrapper.framework; name = CFNetwork.framework; path = System/Library/Frameworks/CFNetwork.framework; sourceTree = SDKROOT; };
/* End PBXFileReference section */

/* Begin PBXFrameworksBuildPhase section */
		C833E19115B7D94500EE636E /* Frameworks */ = {
			isa = PBXFrameworksBuildPhase;
			buildActionMask = 2147483647;
			files = (
				C8FBB63715C7449C006BFB3C /* CFNetwork.framework in Frameworks */,
				68CD875B15C3A519006AF69C /* ImageIO.framework in Frameworks */,
				088E99BD15C0BEED00823D7A /* CoreImage.framework in Frameworks */,
				C8D9AAE115C0B50F004CDB14 /* CoreLocation.framework in Frameworks */,
				C833E19915B7D94500EE636E /* UIKit.framework in Frameworks */,
				C833E19B15B7D94500EE636E /* Foundation.framework in Frameworks */,
				C833E19D15B7D94500EE636E /* CoreGraphics.framework in Frameworks */,
			);
			runOnlyForDeploymentPostprocessing = 0;
		};
		C833E1AB15B7D94600EE636E /* Frameworks */ = {
			isa = PBXFrameworksBuildPhase;
			buildActionMask = 2147483647;
			files = (
				C833E1B115B7D94600EE636E /* SenTestingKit.framework in Frameworks */,
				C833E1B215B7D94600EE636E /* UIKit.framework in Frameworks */,
				C833E1B315B7D94600EE636E /* Foundation.framework in Frameworks */,
			);
			runOnlyForDeploymentPostprocessing = 0;
		};
/* End PBXFrameworksBuildPhase section */

/* Begin PBXGroup section */
		C833E18915B7D94500EE636E = {
			isa = PBXGroup;
			children = (
				086BF92016137F5D006003E1 /* Default-568h@2x.png */,
				C833E19E15B7D94500EE636E /* CoastBuster */,
				C833E1B615B7D94600EE636E /* CoastBusterTests */,
				C833E19715B7D94500EE636E /* Frameworks */,
				C833E19515B7D94500EE636E /* Products */,
			);
			sourceTree = "<group>";
		};
		C833E19515B7D94500EE636E /* Products */ = {
			isa = PBXGroup;
			children = (
				C833E19415B7D94500EE636E /* CoastBuster.app */,
				C833E1AF15B7D94600EE636E /* CoastBusterTests.octest */,
			);
			name = Products;
			sourceTree = "<group>";
		};
		C833E19715B7D94500EE636E /* Frameworks */ = {
			isa = PBXGroup;
			children = (
				C8FBB63615C7449C006BFB3C /* CFNetwork.framework */,
				68CD875A15C3A519006AF69C /* ImageIO.framework */,
				088E99BB15C0BEED00823D7A /* CoreImage.framework */,
				C8D9AAE015C0B50F004CDB14 /* CoreLocation.framework */,
				088E99BA15C0BEED00823D7A /* AssetsLibrary.framework */,
				C833E19815B7D94500EE636E /* UIKit.framework */,
				C833E19A15B7D94500EE636E /* Foundation.framework */,
				C833E19C15B7D94500EE636E /* CoreGraphics.framework */,
				C833E1B015B7D94600EE636E /* SenTestingKit.framework */,
			);
			name = Frameworks;
			sourceTree = "<group>";
		};
		C833E19E15B7D94500EE636E /* CoastBuster */ = {
			isa = PBXGroup;
			children = (
				C833E19F15B7D94500EE636E /* Supporting Files */,
				C833E1A715B7D94500EE636E /* AppDelegate.h */,
				C833E1A815B7D94500EE636E /* AppDelegate.m */,
				C8A5591F15BCA12C0070FBA7 /* BaseViewController.h */,
				C8A5592015BCA12C0070FBA7 /* BaseViewController.m */,
				08442DC015C6E256006E7234 /* InfoViewController.h */,
				08442DC115C6E256006E7234 /* InfoViewController.m */,
				08442DC215C6E256006E7234 /* InfoViewController.xib */,
				C833E1CC15B7DF8200EE636E /* PhotoTableViewController.h */,
				C833E1CD15B7DF8200EE636E /* PhotoTableViewController.m */,
				C8CEE53715C3796800EEC4ED /* PhotoSelectionViewController.h */,
				C8CEE53815C3796800EEC4ED /* PhotoSelectionViewController.m */,
				C81BAD8D15B9E35300132A2E /* PhotoViewController.h */,
				C81BAD8E15B9E35300132A2E /* PhotoViewController.m */,
				C81BAD9015B9E36900132A2E /* PhotoDetailViewController.h */,
				C81BAD9115B9E36900132A2E /* PhotoDetailViewController.m */,
				C81BAD8915B9CC0E00132A2E /* PhotoData.h */,
				C81BAD8A15B9CC0E00132A2E /* PhotoData.m */,
			);
			name = CoastBuster;
			path = CoastBuster;
			sourceTree = "<group>";
		};
		C833E19F15B7D94500EE636E /* Supporting Files */ = {
			isa = PBXGroup;
			children = (
				08442DC615C6E363006E7234 /* octo.png */,
				08442DC715C6E363006E7234 /* Octoretina.png */,
				C833E1D415B91DBC00EE636E /* image1.png */,
				08C9FB6015E5427900A68B3C /* ipadRetinaIcon.png */,
				08C9FB5E15E5424500A68B3C /* ipadIcon.png */,
				C833E1D515B91DBC00EE636E /* image2.png */,
				C833E1D615B91DBC00EE636E /* image3.png */,
				C81BAD9315B9F9E200132A2E /* image4.png */,
				C833E1A015B7D94500EE636E /* CoastBuster-Info.plist */,
				C833E1A115B7D94500EE636E /* InfoPlist.strings */,
				C833E1A415B7D94500EE636E /* main.m */,
				C833E1A615B7D94500EE636E /* CoastBuster-Prefix.pch */,
			);
			name = "Supporting Files";
			sourceTree = "<group>";
		};
		C833E1B615B7D94600EE636E /* CoastBusterTests */ = {
			isa = PBXGroup;
			children = (
				C833E1BC15B7D94600EE636E /* CoastBusterTests.h */,
				C833E1BD15B7D94600EE636E /* CoastBusterTests.m */,
				C833E1B715B7D94600EE636E /* Supporting Files */,
			);
			name = CoastBusterTests;
			path = CoastBusterTests;
			sourceTree = "<group>";
		};
		C833E1B715B7D94600EE636E /* Supporting Files */ = {
			isa = PBXGroup;
			children = (
				C833E1B815B7D94600EE636E /* CoastBusterTests-Info.plist */,
				C833E1B915B7D94600EE636E /* InfoPlist.strings */,
			);
			name = "Supporting Files";
			sourceTree = "<group>";
		};
/* End PBXGroup section */

/* Begin PBXNativeTarget section */
		C833E19315B7D94500EE636E /* Beachcomber */ = {
			isa = PBXNativeTarget;
			buildConfigurationList = C833E1C115B7D94600EE636E /* Build configuration list for PBXNativeTarget "Beachcomber" */;
			buildPhases = (
				C833E19015B7D94500EE636E /* Sources */,
				C833E19115B7D94500EE636E /* Frameworks */,
				C833E19215B7D94500EE636E /* Resources */,
			);
			buildRules = (
			);
			dependencies = (
			);
			name = CoastBuster;
			productName = CoastBuster;
			productReference = C833E19415B7D94500EE636E /* CoastBuster.app */;
			productType = "com.apple.product-type.application";
		};
		C833E1AE15B7D94600EE636E /* CoastBusterTests */ = {
			isa = PBXNativeTarget;
			buildConfigurationList = C833E1C415B7D94600EE636E /* Build configuration list for PBXNativeTarget "CoastBusterTests" */;
			buildPhases = (
				C833E1AA15B7D94600EE636E /* Sources */,
				C833E1AB15B7D94600EE636E /* Frameworks */,
				C833E1AC15B7D94600EE636E /* Resources */,
				C833E1AD15B7D94600EE636E /* ShellScript */,
			);
			buildRules = (
			);
			dependencies = (
				C833E1B515B7D94600EE636E /* PBXTargetDependency */,
			);
			name = CoastBusterTests;
			productName = CoastBusterTests;
			productReference = C833E1AF15B7D94600EE636E /* CoastBusterTests.octest */;
			productType = "com.apple.product-type.bundle";
		};
/* End PBXNativeTarget section */

/* Begin PBXProject section */
		C833E18B15B7D94500EE636E /* Project object */ = {
			isa = PBXProject;
			attributes = {
				LastUpgradeCheck = 0420;
				ORGANIZATIONNAME = "University of British Columbia";
			};
			buildConfigurationList = C833E18E15B7D94500EE636E /* Build configuration list for PBXProject "CoastBuster" */;
			compatibilityVersion = "Xcode 3.2";
			developmentRegion = English;
			hasScannedForEncodings = 0;
			knownRegions = (
				en,
			);
			mainGroup = C833E18915B7D94500EE636E;
			productRefGroup = C833E19515B7D94500EE636E /* Products */;
			projectDirPath = "";
			projectRoot = "";
			targets = (
				C833E19315B7D94500EE636E /* Beachcomber */,
				C833E1AE15B7D94600EE636E /* CoastBusterTests */,
			);
		};
/* End PBXProject section */

/* Begin PBXResourcesBuildPhase section */
		C833E19215B7D94500EE636E /* Resources */ = {
			isa = PBXResourcesBuildPhase;
			buildActionMask = 2147483647;
			files = (
				C833E1A315B7D94500EE636E /* InfoPlist.strings in Resources */,
				C833E1D715B91DBC00EE636E /* image1.png in Resources */,
				C833E1D815B91DBC00EE636E /* image2.png in Resources */,
				C833E1D915B91DBC00EE636E /* image3.png in Resources */,
				C81BAD9415B9F9E200132A2E /* image4.png in Resources */,
				08442DC415C6E256006E7234 /* InfoViewController.xib in Resources */,
				08442DC815C6E363006E7234 /* octo.png in Resources */,
				08442DC915C6E363006E7234 /* Octoretina.png in Resources */,
				08C9FB5F15E5424500A68B3C /* ipadIcon.png in Resources */,
				08C9FB6115E5427900A68B3C /* ipadRetinaIcon.png in Resources */,
				086BF92116137F5D006003E1 /* Default-568h@2x.png in Resources */,
			);
			runOnlyForDeploymentPostprocessing = 0;
		};
		C833E1AC15B7D94600EE636E /* Resources */ = {
			isa = PBXResourcesBuildPhase;
			buildActionMask = 2147483647;
			files = (
				C833E1BB15B7D94600EE636E /* InfoPlist.strings in Resources */,
			);
			runOnlyForDeploymentPostprocessing = 0;
		};
/* End PBXResourcesBuildPhase section */

/* Begin PBXShellScriptBuildPhase section */
		C833E1AD15B7D94600EE636E /* ShellScript */ = {
			isa = PBXShellScriptBuildPhase;
			buildActionMask = 2147483647;
			files = (
			);
			inputPaths = (
			);
			outputPaths = (
			);
			runOnlyForDeploymentPostprocessing = 0;
			shellPath = /bin/sh;
			shellScript = "# Run the unit tests in this test bundle.\n\"${SYSTEM_DEVELOPER_DIR}/Tools/RunUnitTests\"\n";
		};
/* End PBXShellScriptBuildPhase section */

/* Begin PBXSourcesBuildPhase section */
		C833E19015B7D94500EE636E /* Sources */ = {
			isa = PBXSourcesBuildPhase;
			buildActionMask = 2147483647;
			files = (
				C833E1A515B7D94500EE636E /* main.m in Sources */,
				C833E1A915B7D94500EE636E /* AppDelegate.m in Sources */,
				C833E1CE15B7DF8200EE636E /* PhotoTableViewController.m in Sources */,
				C81BAD8B15B9CC0E00132A2E /* PhotoData.m in Sources */,
				C81BAD8F15B9E35300132A2E /* PhotoViewController.m in Sources */,
				C81BAD9215B9E36900132A2E /* PhotoDetailViewController.m in Sources */,
				C8A5592115BCA12C0070FBA7 /* BaseViewController.m in Sources */,
				C8CEE53915C3796800EEC4ED /* PhotoSelectionViewController.m in Sources */,
				08442DC315C6E256006E7234 /* InfoViewController.m in Sources */,
			);
			runOnlyForDeploymentPostprocessing = 0;
		};
		C833E1AA15B7D94600EE636E /* Sources */ = {
			isa = PBXSourcesBuildPhase;
			buildActionMask = 2147483647;
			files = (
				C833E1BE15B7D94600EE636E /* CoastBusterTests.m in Sources */,
			);
			runOnlyForDeploymentPostprocessing = 0;
		};
/* End PBXSourcesBuildPhase section */

/* Begin PBXTargetDependency section */
		C833E1B515B7D94600EE636E /* PBXTargetDependency */ = {
			isa = PBXTargetDependency;
			target = C833E19315B7D94500EE636E /* Beachcomber */;
			targetProxy = C833E1B415B7D94600EE636E /* PBXContainerItemProxy */;
		};
/* End PBXTargetDependency section */

/* Begin PBXVariantGroup section */
		C833E1A115B7D94500EE636E /* InfoPlist.strings */ = {
			isa = PBXVariantGroup;
			children = (
				C833E1A215B7D94500EE636E /* en */,
			);
			name = InfoPlist.strings;
			sourceTree = "<group>";
		};
		C833E1B915B7D94600EE636E /* InfoPlist.strings */ = {
			isa = PBXVariantGroup;
			children = (
				C833E1BA15B7D94600EE636E /* en */,
			);
			name = InfoPlist.strings;
			sourceTree = "<group>";
		};
/* End PBXVariantGroup section */

/* Begin XCBuildConfiguration section */
		C833E1BF15B7D94600EE636E /* Debug */ = {
			isa = XCBuildConfiguration;
			buildSettings = {
				ALWAYS_SEARCH_USER_PATHS = NO;
				ARCHS = "$(ARCHS_STANDARD_32_BIT)";
				CLANG_ENABLE_OBJC_ARC = YES;
				"CODE_SIGN_IDENTITY[sdk=iphoneos*]" = "iPhone Developer";
				COPY_PHASE_STRIP = NO;
				GCC_C_LANGUAGE_STANDARD = gnu99;
				GCC_DYNAMIC_NO_PIC = NO;
				GCC_OPTIMIZATION_LEVEL = 0;
				GCC_PREPROCESSOR_DEFINITIONS = (
					"DEBUG=1",
					"$(inherited)",
				);
				GCC_SYMBOLS_PRIVATE_EXTERN = NO;
				GCC_VERSION = com.apple.compilers.llvm.clang.1_0;
				GCC_WARN_ABOUT_MISSING_PROTOTYPES = YES;
				GCC_WARN_ABOUT_RETURN_TYPE = YES;
				GCC_WARN_UNUSED_VARIABLE = YES;
				IPHONEOS_DEPLOYMENT_TARGET = 4.0;
				PRODUCT_NAME = CoastBuster;
				SDKROOT = iphoneos;
				TARGETED_DEVICE_FAMILY = "1,2";
			};
			name = Debug;
		};
		C833E1C015B7D94600EE636E /* Release */ = {
			isa = XCBuildConfiguration;
			buildSettings = {
				ALWAYS_SEARCH_USER_PATHS = NO;
				ARCHS = "$(ARCHS_STANDARD_32_BIT)";
				CLANG_ENABLE_OBJC_ARC = YES;
				"CODE_SIGN_IDENTITY[sdk=iphoneos*]" = "iPhone Developer";
				COPY_PHASE_STRIP = YES;
				GCC_C_LANGUAGE_STANDARD = gnu99;
				GCC_VERSION = com.apple.compilers.llvm.clang.1_0;
				GCC_WARN_ABOUT_MISSING_PROTOTYPES = YES;
				GCC_WARN_ABOUT_RETURN_TYPE = YES;
				GCC_WARN_UNUSED_VARIABLE = YES;
				IPHONEOS_DEPLOYMENT_TARGET = 4.0;
				OTHER_CFLAGS = "-DNS_BLOCK_ASSERTIONS=1";
				PRODUCT_NAME = CoastBuster;
				SDKROOT = iphoneos;
				TARGETED_DEVICE_FAMILY = "1,2";
				VALIDATE_PRODUCT = YES;
			};
			name = Release;
		};
		C833E1C215B7D94600EE636E /* Debug */ = {
			isa = XCBuildConfiguration;
			buildSettings = {
				GCC_PRECOMPILE_PREFIX_HEADER = YES;
				GCC_PREFIX_HEADER = "CoastBuster/CoastBuster-Prefix.pch";
				INFOPLIST_FILE = "$(SRCROOT)/CoastBuster/CoastBuster-Info.plist";
				IPHONEOS_DEPLOYMENT_TARGET = 4.0;
				PRODUCT_NAME = CoastBuster;
				TARGETED_DEVICE_FAMILY = "1,2";
				WRAPPER_EXTENSION = app;
			};
			name = Debug;
		};
		C833E1C315B7D94600EE636E /* Release */ = {
			isa = XCBuildConfiguration;
			buildSettings = {
				GCC_PRECOMPILE_PREFIX_HEADER = YES;
				GCC_PREFIX_HEADER = "CoastBuster/CoastBuster-Prefix.pch";
				INFOPLIST_FILE = "$(SRCROOT)/CoastBuster/CoastBuster-Info.plist";
				IPHONEOS_DEPLOYMENT_TARGET = 4.0;
				PRODUCT_NAME = CoastBuster;
				TARGETED_DEVICE_FAMILY = "1,2";
				WRAPPER_EXTENSION = app;
			};
			name = Release;
		};
		C833E1C515B7D94600EE636E /* Debug */ = {
			isa = XCBuildConfiguration;
			buildSettings = {
				BUNDLE_LOADER = "$(BUILT_PRODUCTS_DIR)/CoastBuster.app/CoastBuster";
				FRAMEWORK_SEARCH_PATHS = (
					"$(SDKROOT)/Developer/Library/Frameworks",
					"$(DEVELOPER_LIBRARY_DIR)/Frameworks",
				);
				GCC_PRECOMPILE_PREFIX_HEADER = YES;
				GCC_PREFIX_HEADER = "CoastBuster/CoastBuster-Prefix.pch";
				INFOPLIST_FILE = "CoastBusterTests/CoastBusterTests-Info.plist";
				PRODUCT_NAME = CoastBusterTests;
				TEST_HOST = "$(BUNDLE_LOADER)";
				WRAPPER_EXTENSION = octest;
			};
			name = Debug;
		};
		C833E1C615B7D94600EE636E /* Release */ = {
			isa = XCBuildConfiguration;
			buildSettings = {
				BUNDLE_LOADER = "$(BUILT_PRODUCTS_DIR)/CoastBuster.app/CoastBuster";
				FRAMEWORK_SEARCH_PATHS = (
					"$(SDKROOT)/Developer/Library/Frameworks",
					"$(DEVELOPER_LIBRARY_DIR)/Frameworks",
				);
				GCC_PRECOMPILE_PREFIX_HEADER = YES;
				GCC_PREFIX_HEADER = "CoastBuster/CoastBuster-Prefix.pch";
				INFOPLIST_FILE = "CoastBusterTests/CoastBusterTests-Info.plist";
				PRODUCT_NAME = CoastBusterTests;
				TEST_HOST = "$(BUNDLE_LOADER)";
				WRAPPER_EXTENSION = octest;
			};
			name = Release;
		};
/* End XCBuildConfiguration section */

/* Begin XCConfigurationList section */
		C833E18E15B7D94500EE636E /* Build configuration list for PBXProject "CoastBuster" */ = {
			isa = XCConfigurationList;
			buildConfigurations = (
				C833E1BF15B7D94600EE636E /* Debug */,
				C833E1C015B7D94600EE636E /* Release */,
			);
			defaultConfigurationIsVisible = 0;
			defaultConfigurationName = Release;
		};
		C833E1C115B7D94600EE636E /* Build configuration list for PBXNativeTarget "Beachcomber" */ = {
			isa = XCConfigurationList;
			buildConfigurations = (
				C833E1C215B7D94600EE636E /* Debug */,
				C833E1C315B7D94600EE636E /* Release */,
			);
			defaultConfigurationIsVisible = 0;
			defaultConfigurationName = Release;
		};
		C833E1C415B7D94600EE636E /* Build configuration list for PBXNativeTarget "CoastBusterTests" */ = {
			isa = XCConfigurationList;
			buildConfigurations = (
				C833E1C515B7D94600EE636E /* Debug */,
				C833E1C615B7D94600EE636E /* Release */,
			);
			defaultConfigurationIsVisible = 0;
			defaultConfigurationName = Release;
		};
/* End XCConfigurationList section */
	};
	rootObject = C833E18B15B7D94500EE636E /* Project object */;
}
